dependencies:
- name: redis
  repository: https://charts.bitnami.com/bitnami
  version: 16.8.0
- name: nats
  repository: https://nats-io.github.io/k8s/helm/charts/
  version: 0.17.1
digest: sha256:df2d8870ed28c304009802f09bb57990d2f13673e74922f174cf6edd66fea0d2
generated: "2022-06-26T16:16:18.9455471+02:00"
